<?xml version="1.0" encoding="UTF-8"?>
<!DOCTYPE plist PUBLIC "-//Apple//DTD PLIST 1.0//EN" "http://www.apple.com/DTDs/PropertyList-1.0.dtd">
<plist version="1.0">
<dict>
	<key>archiveVersion</key>
	<string>1</string>
	<key>classes</key>
	<dict/>
	<key>objectVersion</key>
	<string>46</string>
	<key>objects</key>
	<dict>
		<key>03E9FF766B1144E4A1673F28</key>
		<dict>
			<key>fileRef</key>
			<string>82D31BE583E34794846DB378</string>
			<key>isa</key>
			<string>PBXBuildFile</string>
		</dict>
		<key>32827FDD4A144361BE16C594</key>
		<dict>
			<key>includeInIndex</key>
			<string>1</string>
			<key>isa</key>
			<string>PBXFileReference</string>
			<key>lastKnownFileType</key>
			<string>text.xcconfig</string>
			<key>name</key>
			<string>Pods.xcconfig</string>
			<key>path</key>
			<string>Pods/Pods.xcconfig</string>
			<key>sourceTree</key>
			<string>&lt;group&gt;</string>
		</dict>
		<key>690A9C69D8324FBC8CE420EA</key>
		<dict>
			<key>buildActionMask</key>
			<string>2147483647</string>
			<key>files</key>
			<array/>
			<key>inputPaths</key>
			<array/>
			<key>isa</key>
			<string>PBXShellScriptBuildPhase</string>
			<key>name</key>
			<string>Check Pods Manifest.lock</string>
			<key>outputPaths</key>
			<array/>
			<key>runOnlyForDeploymentPostprocessing</key>
			<string>0</string>
			<key>shellPath</key>
			<string>/bin/sh</string>
			<key>shellScript</key>
			<string>diff "${PODS_ROOT}/../Podfile.lock" "${PODS_ROOT}/Manifest.lock" &gt; /dev/null
if [[ $? != 0 ]] ; then
    cat &lt;&lt; EOM
error: The sandbox is not in sync with the Podfile.lock. Run 'pod install' or update your CocoaPods installation.
EOM
    exit 1
fi
</string>
			<key>showEnvVarsInLog</key>
			<string>0</string>
		</dict>
		<key>79B356E51918014A00681E05</key>
		<dict>
			<key>children</key>
			<array>
				<string>79B356F71918014A00681E05</string>
				<string>79B357161918014A00681E05</string>
				<string>79B356F01918014A00681E05</string>
				<string>79B356EF1918014A00681E05</string>
				<string>32827FDD4A144361BE16C594</string>
			</array>
			<key>isa</key>
			<string>PBXGroup</string>
			<key>sourceTree</key>
			<string>&lt;group&gt;</string>
		</dict>
		<key>79B356E61918014A00681E05</key>
		<dict>
			<key>attributes</key>
			<dict>
				<key>CLASSPREFIX</key>
				<string>Z</string>
				<key>LastUpgradeCheck</key>
				<string>0510</string>
				<key>ORGANIZATIONNAME</key>
				<string>Localytics</string>
				<key>TargetAttributes</key>
				<dict>
					<key>79B3570E1918014A00681E05</key>
					<dict>
						<key>TestTargetID</key>
						<string>79B356ED1918014A00681E05</string>
					</dict>
				</dict>
			</dict>
			<key>buildConfigurationList</key>
			<string>79B356E91918014A00681E05</string>
			<key>compatibilityVersion</key>
			<string>Xcode 3.2</string>
			<key>developmentRegion</key>
			<string>English</string>
			<key>hasScannedForEncodings</key>
			<string>0</string>
			<key>isa</key>
			<string>PBXProject</string>
			<key>knownRegions</key>
			<array>
				<string>en</string>
				<string>Base</string>
			</array>
			<key>mainGroup</key>
			<string>79B356E51918014A00681E05</string>
			<key>productRefGroup</key>
			<string>79B356EF1918014A00681E05</string>
			<key>projectDirPath</key>
			<string></string>
			<key>projectReferences</key>
			<array/>
			<key>projectRoot</key>
			<string></string>
			<key>targets</key>
			<array>
				<string>79B356ED1918014A00681E05</string>
				<string>79B3570E1918014A00681E05</string>
			</array>
		</dict>
		<key>79B356E91918014A00681E05</key>
		<dict>
			<key>buildConfigurations</key>
			<array>
				<string>79B3571E1918014A00681E05</string>
				<string>79B3571F1918014A00681E05</string>
			</array>
			<key>defaultConfigurationIsVisible</key>
			<string>0</string>
			<key>defaultConfigurationName</key>
			<string>Release</string>
			<key>isa</key>
			<string>XCConfigurationList</string>
		</dict>
		<key>79B356EA1918014A00681E05</key>
		<dict>
			<key>buildActionMask</key>
			<string>2147483647</string>
			<key>files</key>
			<array>
				<string>79B356FE1918014A00681E05</string>
				<string>79B357351918080F00681E05</string>
				<string>79B357081918014A00681E05</string>
				<string>79B35732191801BE00681E05</string>
				<string>79B35730191801BE00681E05</string>
				<string>79B35731191801BE00681E05</string>
				<string>79B3572F191801BE00681E05</string>
				<string>79B357021918014A00681E05</string>
			</array>
			<key>isa</key>
			<string>PBXSourcesBuildPhase</string>
			<key>runOnlyForDeploymentPostprocessing</key>
			<string>0</string>
		</dict>
		<key>79B356EB1918014A00681E05</key>
		<dict>
			<key>buildActionMask</key>
			<string>2147483647</string>
			<key>files</key>
			<array>
				<string>79B356F41918014A00681E05</string>
				<string>79B356F61918014A00681E05</string>
				<string>79B356F21918014A00681E05</string>
				<string>03E9FF766B1144E4A1673F28</string>
			</array>
			<key>isa</key>
			<string>PBXFrameworksBuildPhase</string>
			<key>runOnlyForDeploymentPostprocessing</key>
			<string>0</string>
		</dict>
		<key>79B356EC1918014A00681E05</key>
		<dict>
			<key>buildActionMask</key>
			<string>2147483647</string>
			<key>files</key>
			<array>
				<string>79B3570A1918014A00681E05</string>
				<string>79B356FC1918014A00681E05</string>
				<string>79B357051918014A00681E05</string>
			</array>
			<key>isa</key>
			<string>PBXResourcesBuildPhase</string>
			<key>runOnlyForDeploymentPostprocessing</key>
			<string>0</string>
		</dict>
		<key>79B356ED1918014A00681E05</key>
		<dict>
			<key>buildConfigurationList</key>
			<string>79B357201918014A00681E05</string>
			<key>buildPhases</key>
			<array>
				<string>690A9C69D8324FBC8CE420EA</string>
				<string>79B356EA1918014A00681E05</string>
				<string>79B356EB1918014A00681E05</string>
				<string>79B356EC1918014A00681E05</string>
				<string>C91A15D39C604E3F80A90787</string>
			</array>
			<key>buildRules</key>
			<array/>
			<key>dependencies</key>
			<array/>
			<key>isa</key>
			<string>PBXNativeTarget</string>
			<key>name</key>
			<string>ZCircleButton</string>
			<key>productName</key>
			<string>ZCircleButton</string>
			<key>productReference</key>
			<string>79B356EE1918014A00681E05</string>
			<key>productType</key>
			<string>com.apple.product-type.application</string>
		</dict>
		<key>79B356EE1918014A00681E05</key>
		<dict>
			<key>explicitFileType</key>
			<string>wrapper.application</string>
			<key>includeInIndex</key>
			<string>0</string>
			<key>isa</key>
			<string>PBXFileReference</string>
			<key>path</key>
			<string>ZCircleButton.app</string>
			<key>sourceTree</key>
			<string>BUILT_PRODUCTS_DIR</string>
		</dict>
		<key>79B356EF1918014A00681E05</key>
		<dict>
			<key>children</key>
			<array>
				<string>79B356EE1918014A00681E05</string>
				<string>79B3570F1918014A00681E05</string>
			</array>
			<key>isa</key>
			<string>PBXGroup</string>
			<key>name</key>
			<string>Products</string>
			<key>sourceTree</key>
			<string>&lt;group&gt;</string>
		</dict>
		<key>79B356F01918014A00681E05</key>
		<dict>
			<key>children</key>
			<array>
				<string>79B356F11918014A00681E05</string>
				<string>79B356F31918014A00681E05</string>
				<string>79B356F51918014A00681E05</string>
				<string>79B357101918014A00681E05</string>
				<string>82D31BE583E34794846DB378</string>
			</array>
			<key>isa</key>
			<string>PBXGroup</string>
			<key>name</key>
			<string>Frameworks</string>
			<key>sourceTree</key>
			<string>&lt;group&gt;</string>
		</dict>
		<key>79B356F11918014A00681E05</key>
		<dict>
			<key>isa</key>
			<string>PBXFileReference</string>
			<key>lastKnownFileType</key>
			<string>wrapper.framework</string>
			<key>name</key>
			<string>Foundation.framework</string>
			<key>path</key>
			<string>System/Library/Frameworks/Foundation.framework</string>
			<key>sourceTree</key>
			<string>SDKROOT</string>
		</dict>
		<key>79B356F21918014A00681E05</key>
		<dict>
			<key>fileRef</key>
			<string>79B356F11918014A00681E05</string>
			<key>isa</key>
			<string>PBXBuildFile</string>
		</dict>
		<key>79B356F31918014A00681E05</key>
		<dict>
			<key>isa</key>
			<string>PBXFileReference</string>
			<key>lastKnownFileType</key>
			<string>wrapper.framework</string>
			<key>name</key>
			<string>CoreGraphics.framework</string>
			<key>path</key>
			<string>System/Library/Frameworks/CoreGraphics.framework</string>
			<key>sourceTree</key>
			<string>SDKROOT</string>
		</dict>
		<key>79B356F41918014A00681E05</key>
		<dict>
			<key>fileRef</key>
			<string>79B356F31918014A00681E05</string>
			<key>isa</key>
			<string>PBXBuildFile</string>
		</dict>
		<key>79B356F51918014A00681E05</key>
		<dict>
			<key>isa</key>
			<string>PBXFileReference</string>
			<key>lastKnownFileType</key>
			<string>wrapper.framework</string>
			<key>name</key>
			<string>UIKit.framework</string>
			<key>path</key>
			<string>System/Library/Frameworks/UIKit.framework</string>
			<key>sourceTree</key>
			<string>SDKROOT</string>
		</dict>
		<key>79B356F61918014A00681E05</key>
		<dict>
			<key>fileRef</key>
			<string>79B356F51918014A00681E05</string>
			<key>isa</key>
			<string>PBXBuildFile</string>
		</dict>
		<key>79B356F71918014A00681E05</key>
		<dict>
			<key>children</key>
			<array>
				<string>79B357001918014A00681E05</string>
				<string>79B357011918014A00681E05</string>
				<string>79B357031918014A00681E05</string>
				<string>79B357061918014A00681E05</string>
				<string>79B357071918014A00681E05</string>
				<string>79B357091918014A00681E05</string>
				<string>79B35726191801BE00681E05</string>
				<string>79B356F81918014A00681E05</string>
			</array>
			<key>isa</key>
			<string>PBXGroup</string>
			<key>path</key>
			<string>ZCircleButton</string>
			<key>sourceTree</key>
			<string>&lt;group&gt;</string>
		</dict>
		<key>79B356F81918014A00681E05</key>
		<dict>
			<key>children</key>
			<array>
				<string>79B356F91918014A00681E05</string>
				<string>79B356FA1918014A00681E05</string>
				<string>79B356FD1918014A00681E05</string>
				<string>79B356FF1918014A00681E05</string>
			</array>
			<key>isa</key>
			<string>PBXGroup</string>
			<key>name</key>
			<string>Supporting Files</string>
			<key>sourceTree</key>
			<string>&lt;group&gt;</string>
		</dict>
		<key>79B356F91918014A00681E05</key>
		<dict>
			<key>isa</key>
			<string>PBXFileReference</string>
			<key>lastKnownFileType</key>
			<string>text.plist.xml</string>
			<key>path</key>
			<string>ZCircleButton-Info.plist</string>
			<key>sourceTree</key>
			<string>&lt;group&gt;</string>
		</dict>
		<key>79B356FA1918014A00681E05</key>
		<dict>
			<key>children</key>
			<array>
				<string>79B356FB1918014A00681E05</string>
			</array>
			<key>isa</key>
			<string>PBXVariantGroup</string>
			<key>name</key>
			<string>InfoPlist.strings</string>
			<key>sourceTree</key>
			<string>&lt;group&gt;</string>
		</dict>
		<key>79B356FB1918014A00681E05</key>
		<dict>
			<key>isa</key>
			<string>PBXFileReference</string>
			<key>lastKnownFileType</key>
			<string>text.plist.strings</string>
			<key>name</key>
			<string>en</string>
			<key>path</key>
			<string>en.lproj/InfoPlist.strings</string>
			<key>sourceTree</key>
			<string>&lt;group&gt;</string>
		</dict>
		<key>79B356FC1918014A00681E05</key>
		<dict>
			<key>fileRef</key>
			<string>79B356FA1918014A00681E05</string>
			<key>isa</key>
			<string>PBXBuildFile</string>
		</dict>
		<key>79B356FD1918014A00681E05</key>
		<dict>
			<key>isa</key>
			<string>PBXFileReference</string>
			<key>lastKnownFileType</key>
			<string>sourcecode.c.objc</string>
			<key>path</key>
			<string>main.m</string>
			<key>sourceTree</key>
			<string>&lt;group&gt;</string>
		</dict>
		<key>79B356FE1918014A00681E05</key>
		<dict>
			<key>fileRef</key>
			<string>79B356FD1918014A00681E05</string>
			<key>isa</key>
			<string>PBXBuildFile</string>
		</dict>
		<key>79B356FF1918014A00681E05</key>
		<dict>
			<key>isa</key>
			<string>PBXFileReference</string>
			<key>lastKnownFileType</key>
			<string>sourcecode.c.h</string>
			<key>path</key>
			<string>ZCircleButton-Prefix.pch</string>
			<key>sourceTree</key>
			<string>&lt;group&gt;</string>
		</dict>
		<key>79B357001918014A00681E05</key>
		<dict>
			<key>isa</key>
			<string>PBXFileReference</string>
			<key>lastKnownFileType</key>
			<string>sourcecode.c.h</string>
			<key>path</key>
			<string>ZAppDelegate.h</string>
			<key>sourceTree</key>
			<string>&lt;group&gt;</string>
		</dict>
		<key>79B357011918014A00681E05</key>
		<dict>
			<key>isa</key>
			<string>PBXFileReference</string>
			<key>lastKnownFileType</key>
			<string>sourcecode.c.objc</string>
			<key>path</key>
			<string>ZAppDelegate.m</string>
			<key>sourceTree</key>
			<string>&lt;group&gt;</string>
		</dict>
		<key>79B357021918014A00681E05</key>
		<dict>
			<key>fileRef</key>
			<string>79B357011918014A00681E05</string>
			<key>isa</key>
			<string>PBXBuildFile</string>
		</dict>
		<key>79B357031918014A00681E05</key>
		<dict>
			<key>children</key>
			<array>
				<string>79B357041918014A00681E05</string>
			</array>
			<key>isa</key>
			<string>PBXVariantGroup</string>
			<key>name</key>
			<string>Main.storyboard</string>
			<key>sourceTree</key>
			<string>&lt;group&gt;</string>
		</dict>
		<key>79B357041918014A00681E05</key>
		<dict>
			<key>isa</key>
			<string>PBXFileReference</string>
			<key>lastKnownFileType</key>
			<string>file.storyboard</string>
			<key>name</key>
			<string>Base</string>
			<key>path</key>
			<string>Base.lproj/Main.storyboard</string>
			<key>sourceTree</key>
			<string>&lt;group&gt;</string>
		</dict>
		<key>79B357051918014A00681E05</key>
		<dict>
			<key>fileRef</key>
			<string>79B357031918014A00681E05</string>
			<key>isa</key>
			<string>PBXBuildFile</string>
		</dict>
		<key>79B357061918014A00681E05</key>
		<dict>
			<key>isa</key>
			<string>PBXFileReference</string>
			<key>lastKnownFileType</key>
			<string>sourcecode.c.h</string>
			<key>path</key>
			<string>ZViewController.h</string>
			<key>sourceTree</key>
			<string>&lt;group&gt;</string>
		</dict>
		<key>79B357071918014A00681E05</key>
		<dict>
			<key>isa</key>
			<string>PBXFileReference</string>
			<key>lastKnownFileType</key>
			<string>sourcecode.c.objc</string>
			<key>path</key>
			<string>ZViewController.m</string>
			<key>sourceTree</key>
			<string>&lt;group&gt;</string>
		</dict>
		<key>79B357081918014A00681E05</key>
		<dict>
			<key>fileRef</key>
			<string>79B357071918014A00681E05</string>
			<key>isa</key>
			<string>PBXBuildFile</string>
		</dict>
		<key>79B357091918014A00681E05</key>
		<dict>
			<key>isa</key>
			<string>PBXFileReference</string>
			<key>lastKnownFileType</key>
			<string>folder.assetcatalog</string>
			<key>path</key>
			<string>Images.xcassets</string>
			<key>sourceTree</key>
			<string>&lt;group&gt;</string>
		</dict>
		<key>79B3570A1918014A00681E05</key>
		<dict>
			<key>fileRef</key>
			<string>79B357091918014A00681E05</string>
			<key>isa</key>
			<string>PBXBuildFile</string>
		</dict>
		<key>79B3570B1918014A00681E05</key>
		<dict>
			<key>buildActionMask</key>
			<string>2147483647</string>
			<key>files</key>
			<array>
				<string>79B3571D1918014A00681E05</string>
			</array>
			<key>isa</key>
			<string>PBXSourcesBuildPhase</string>
			<key>runOnlyForDeploymentPostprocessing</key>
			<string>0</string>
		</dict>
		<key>79B3570C1918014A00681E05</key>
		<dict>
			<key>buildActionMask</key>
			<string>2147483647</string>
			<key>files</key>
			<array>
				<string>79B357111918014A00681E05</string>
				<string>79B357131918014A00681E05</string>
				<string>79B357121918014A00681E05</string>
			</array>
			<key>isa</key>
			<string>PBXFrameworksBuildPhase</string>
			<key>runOnlyForDeploymentPostprocessing</key>
			<string>0</string>
		</dict>
		<key>79B3570D1918014A00681E05</key>
		<dict>
			<key>buildActionMask</key>
			<string>2147483647</string>
			<key>files</key>
			<array>
				<string>79B3571B1918014A00681E05</string>
			</array>
			<key>isa</key>
			<string>PBXResourcesBuildPhase</string>
			<key>runOnlyForDeploymentPostprocessing</key>
			<string>0</string>
		</dict>
		<key>79B3570E1918014A00681E05</key>
		<dict>
			<key>buildConfigurationList</key>
			<string>79B357231918014A00681E05</string>
			<key>buildPhases</key>
			<array>
				<string>79B3570B1918014A00681E05</string>
				<string>79B3570C1918014A00681E05</string>
				<string>79B3570D1918014A00681E05</string>
			</array>
			<key>buildRules</key>
			<array/>
			<key>dependencies</key>
			<array>
				<string>79B357151918014A00681E05</string>
			</array>
			<key>isa</key>
			<string>PBXNativeTarget</string>
			<key>name</key>
			<string>ZCircleButtonTests</string>
			<key>productName</key>
			<string>ZCircleButtonTests</string>
			<key>productReference</key>
			<string>79B3570F1918014A00681E05</string>
			<key>productType</key>
			<string>com.apple.product-type.bundle.unit-test</string>
		</dict>
		<key>79B3570F1918014A00681E05</key>
		<dict>
			<key>explicitFileType</key>
			<string>wrapper.cfbundle</string>
			<key>includeInIndex</key>
			<string>0</string>
			<key>isa</key>
			<string>PBXFileReference</string>
			<key>path</key>
			<string>ZCircleButtonTests.xctest</string>
			<key>sourceTree</key>
			<string>BUILT_PRODUCTS_DIR</string>
		</dict>
		<key>79B357101918014A00681E05</key>
		<dict>
			<key>isa</key>
			<string>PBXFileReference</string>
			<key>lastKnownFileType</key>
			<string>wrapper.framework</string>
			<key>name</key>
			<string>XCTest.framework</string>
			<key>path</key>
			<string>Library/Frameworks/XCTest.framework</string>
			<key>sourceTree</key>
			<string>DEVELOPER_DIR</string>
		</dict>
		<key>79B357111918014A00681E05</key>
		<dict>
			<key>fileRef</key>
			<string>79B357101918014A00681E05</string>
			<key>isa</key>
			<string>PBXBuildFile</string>
		</dict>
		<key>79B357121918014A00681E05</key>
		<dict>
			<key>fileRef</key>
			<string>79B356F11918014A00681E05</string>
			<key>isa</key>
			<string>PBXBuildFile</string>
		</dict>
		<key>79B357131918014A00681E05</key>
		<dict>
			<key>fileRef</key>
			<string>79B356F51918014A00681E05</string>
			<key>isa</key>
			<string>PBXBuildFile</string>
		</dict>
		<key>79B357141918014A00681E05</key>
		<dict>
			<key>containerPortal</key>
			<string>79B356E61918014A00681E05</string>
			<key>isa</key>
			<string>PBXContainerItemProxy</string>
			<key>proxyType</key>
			<string>1</string>
			<key>remoteGlobalIDString</key>
			<string>79B356ED1918014A00681E05</string>
			<key>remoteInfo</key>
			<string>ZCircleButton</string>
		</dict>
		<key>79B357151918014A00681E05</key>
		<dict>
			<key>isa</key>
			<string>PBXTargetDependency</string>
			<key>target</key>
			<string>79B356ED1918014A00681E05</string>
			<key>targetProxy</key>
			<string>79B357141918014A00681E05</string>
		</dict>
		<key>79B357161918014A00681E05</key>
		<dict>
			<key>children</key>
			<array>
				<string>79B3571C1918014A00681E05</string>
				<string>79B357171918014A00681E05</string>
			</array>
			<key>isa</key>
			<string>PBXGroup</string>
			<key>path</key>
			<string>ZCircleButtonTests</string>
			<key>sourceTree</key>
			<string>&lt;group&gt;</string>
		</dict>
		<key>79B357171918014A00681E05</key>
		<dict>
			<key>children</key>
			<array>
				<string>79B357181918014A00681E05</string>
				<string>79B357191918014A00681E05</string>
			</array>
			<key>isa</key>
			<string>PBXGroup</string>
			<key>name</key>
			<string>Supporting Files</string>
			<key>sourceTree</key>
			<string>&lt;group&gt;</string>
		</dict>
		<key>79B357181918014A00681E05</key>
		<dict>
			<key>isa</key>
			<string>PBXFileReference</string>
			<key>lastKnownFileType</key>
			<string>text.plist.xml</string>
			<key>path</key>
			<string>ZCircleButtonTests-Info.plist</string>
			<key>sourceTree</key>
			<string>&lt;group&gt;</string>
		</dict>
		<key>79B357191918014A00681E05</key>
		<dict>
			<key>children</key>
			<array>
				<string>79B3571A1918014A00681E05</string>
			</array>
			<key>isa</key>
			<string>PBXVariantGroup</string>
			<key>name</key>
			<string>InfoPlist.strings</string>
			<key>sourceTree</key>
			<string>&lt;group&gt;</string>
		</dict>
		<key>79B3571A1918014A00681E05</key>
		<dict>
			<key>isa</key>
			<string>PBXFileReference</string>
			<key>lastKnownFileType</key>
			<string>text.plist.strings</string>
			<key>name</key>
			<string>en</string>
			<key>path</key>
			<string>en.lproj/InfoPlist.strings</string>
			<key>sourceTree</key>
			<string>&lt;group&gt;</string>
		</dict>
		<key>79B3571B1918014A00681E05</key>
		<dict>
			<key>fileRef</key>
			<string>79B357191918014A00681E05</string>
			<key>isa</key>
			<string>PBXBuildFile</string>
		</dict>
		<key>79B3571C1918014A00681E05</key>
		<dict>
			<key>isa</key>
			<string>PBXFileReference</string>
			<key>lastKnownFileType</key>
			<string>sourcecode.c.objc</string>
			<key>path</key>
			<string>ZCircleButtonTests.m</string>
			<key>sourceTree</key>
			<string>&lt;group&gt;</string>
		</dict>
		<key>79B3571D1918014A00681E05</key>
		<dict>
			<key>fileRef</key>
			<string>79B3571C1918014A00681E05</string>
			<key>isa</key>
			<string>PBXBuildFile</string>
		</dict>
		<key>79B3571E1918014A00681E05</key>
		<dict>
			<key>buildSettings</key>
			<dict>
				<key>ALWAYS_SEARCH_USER_PATHS</key>
				<string>NO</string>
				<key>CLANG_CXX_LANGUAGE_STANDARD</key>
				<string>gnu++0x</string>
				<key>CLANG_CXX_LIBRARY</key>
				<string>libc++</string>
				<key>CLANG_ENABLE_MODULES</key>
				<string>YES</string>
				<key>CLANG_ENABLE_OBJC_ARC</key>
				<string>YES</string>
				<key>CLANG_WARN_BOOL_CONVERSION</key>
				<string>YES</string>
				<key>CLANG_WARN_CONSTANT_CONVERSION</key>
				<string>YES</string>
				<key>CLANG_WARN_DIRECT_OBJC_ISA_USAGE</key>
				<string>YES_ERROR</string>
				<key>CLANG_WARN_EMPTY_BODY</key>
				<string>YES</string>
				<key>CLANG_WARN_ENUM_CONVERSION</key>
				<string>YES</string>
				<key>CLANG_WARN_INT_CONVERSION</key>
				<string>YES</string>
				<key>CLANG_WARN_OBJC_ROOT_CLASS</key>
				<string>YES_ERROR</string>
				<key>CLANG_WARN__DUPLICATE_METHOD_MATCH</key>
				<string>YES</string>
				<key>CODE_SIGN_IDENTITY[sdk=iphoneos*]</key>
				<string>iPhone Developer</string>
				<key>COPY_PHASE_STRIP</key>
				<string>NO</string>
				<key>GCC_C_LANGUAGE_STANDARD</key>
				<string>gnu99</string>
				<key>GCC_DYNAMIC_NO_PIC</key>
				<string>NO</string>
				<key>GCC_OPTIMIZATION_LEVEL</key>
				<string>0</string>
				<key>GCC_PREPROCESSOR_DEFINITIONS</key>
				<array>
					<string>DEBUG=1</string>
					<string>$(inherited)</string>
				</array>
				<key>GCC_SYMBOLS_PRIVATE_EXTERN</key>
				<string>NO</string>
				<key>GCC_WARN_64_TO_32_BIT_CONVERSION</key>
				<string>YES</string>
				<key>GCC_WARN_ABOUT_RETURN_TYPE</key>
				<string>YES_ERROR</string>
				<key>GCC_WARN_UNDECLARED_SELECTOR</key>
				<string>YES</string>
				<key>GCC_WARN_UNINITIALIZED_AUTOS</key>
				<string>YES_AGGRESSIVE</string>
				<key>GCC_WARN_UNUSED_FUNCTION</key>
				<string>YES</string>
				<key>GCC_WARN_UNUSED_VARIABLE</key>
				<string>YES</string>
				<key>IPHONEOS_DEPLOYMENT_TARGET</key>
				<string>7.1</string>
				<key>ONLY_ACTIVE_ARCH</key>
				<string>YES</string>
				<key>SDKROOT</key>
				<string>iphoneos</string>
			</dict>
			<key>isa</key>
			<string>XCBuildConfiguration</string>
			<key>name</key>
			<string>Debug</string>
		</dict>
		<key>79B3571F1918014A00681E05</key>
		<dict>
			<key>buildSettings</key>
			<dict>
				<key>ALWAYS_SEARCH_USER_PATHS</key>
				<string>NO</string>
				<key>CLANG_CXX_LANGUAGE_STANDARD</key>
				<string>gnu++0x</string>
				<key>CLANG_CXX_LIBRARY</key>
				<string>libc++</string>
				<key>CLANG_ENABLE_MODULES</key>
				<string>YES</string>
				<key>CLANG_ENABLE_OBJC_ARC</key>
				<string>YES</string>
				<key>CLANG_WARN_BOOL_CONVERSION</key>
				<string>YES</string>
				<key>CLANG_WARN_CONSTANT_CONVERSION</key>
				<string>YES</string>
				<key>CLANG_WARN_DIRECT_OBJC_ISA_USAGE</key>
				<string>YES_ERROR</string>
				<key>CLANG_WARN_EMPTY_BODY</key>
				<string>YES</string>
				<key>CLANG_WARN_ENUM_CONVERSION</key>
				<string>YES</string>
				<key>CLANG_WARN_INT_CONVERSION</key>
				<string>YES</string>
				<key>CLANG_WARN_OBJC_ROOT_CLASS</key>
				<string>YES_ERROR</string>
				<key>CLANG_WARN__DUPLICATE_METHOD_MATCH</key>
				<string>YES</string>
				<key>CODE_SIGN_IDENTITY[sdk=iphoneos*]</key>
				<string>iPhone Developer</string>
				<key>COPY_PHASE_STRIP</key>
				<string>YES</string>
				<key>ENABLE_NS_ASSERTIONS</key>
				<string>NO</string>
				<key>GCC_C_LANGUAGE_STANDARD</key>
				<string>gnu99</string>
				<key>GCC_WARN_64_TO_32_BIT_CONVERSION</key>
				<string>YES</string>
				<key>GCC_WARN_ABOUT_RETURN_TYPE</key>
				<string>YES_ERROR</string>
				<key>GCC_WARN_UNDECLARED_SELECTOR</key>
				<string>YES</string>
				<key>GCC_WARN_UNINITIALIZED_AUTOS</key>
				<string>YES_AGGRESSIVE</string>
				<key>GCC_WARN_UNUSED_FUNCTION</key>
				<string>YES</string>
				<key>GCC_WARN_UNUSED_VARIABLE</key>
				<string>YES</string>
				<key>IPHONEOS_DEPLOYMENT_TARGET</key>
				<string>7.1</string>
				<key>SDKROOT</key>
				<string>iphoneos</string>
				<key>VALIDATE_PRODUCT</key>
				<string>YES</string>
			</dict>
			<key>isa</key>
			<string>XCBuildConfiguration</string>
			<key>name</key>
			<string>Release</string>
		</dict>
		<key>79B357201918014A00681E05</key>
		<dict>
			<key>buildConfigurations</key>
			<array>
				<string>79B357211918014A00681E05</string>
				<string>79B357221918014A00681E05</string>
			</array>
			<key>defaultConfigurationIsVisible</key>
			<string>0</string>
			<key>isa</key>
			<string>XCConfigurationList</string>
		</dict>
		<key>79B357211918014A00681E05</key>
		<dict>
			<key>baseConfigurationReference</key>
			<string>32827FDD4A144361BE16C594</string>
			<key>buildSettings</key>
			<dict>
				<key>ASSETCATALOG_COMPILER_APPICON_NAME</key>
				<string>AppIcon</string>
				<key>ASSETCATALOG_COMPILER_LAUNCHIMAGE_NAME</key>
				<string>LaunchImage</string>
				<key>GCC_PRECOMPILE_PREFIX_HEADER</key>
				<string>YES</string>
				<key>GCC_PREFIX_HEADER</key>
				<string>ZCircleButton/ZCircleButton-Prefix.pch</string>
				<key>INFOPLIST_FILE</key>
				<string>ZCircleButton/ZCircleButton-Info.plist</string>
				<key>PRODUCT_NAME</key>
				<string>$(TARGET_NAME)</string>
				<key>WRAPPER_EXTENSION</key>
				<string>app</string>
			</dict>
			<key>isa</key>
			<string>XCBuildConfiguration</string>
			<key>name</key>
			<string>Debug</string>
		</dict>
		<key>79B357221918014A00681E05</key>
		<dict>
			<key>baseConfigurationReference</key>
			<string>32827FDD4A144361BE16C594</string>
			<key>buildSettings</key>
			<dict>
				<key>ASSETCATALOG_COMPILER_APPICON_NAME</key>
				<string>AppIcon</string>
				<key>ASSETCATALOG_COMPILER_LAUNCHIMAGE_NAME</key>
				<string>LaunchImage</string>
				<key>GCC_PRECOMPILE_PREFIX_HEADER</key>
				<string>YES</string>
				<key>GCC_PREFIX_HEADER</key>
				<string>ZCircleButton/ZCircleButton-Prefix.pch</string>
				<key>INFOPLIST_FILE</key>
				<string>ZCircleButton/ZCircleButton-Info.plist</string>
				<key>PRODUCT_NAME</key>
				<string>$(TARGET_NAME)</string>
				<key>WRAPPER_EXTENSION</key>
				<string>app</string>
			</dict>
			<key>isa</key>
			<string>XCBuildConfiguration</string>
			<key>name</key>
			<string>Release</string>
		</dict>
		<key>79B357231918014A00681E05</key>
		<dict>
			<key>buildConfigurations</key>
			<array>
				<string>79B357241918014A00681E05</string>
				<string>79B357251918014A00681E05</string>
			</array>
			<key>defaultConfigurationIsVisible</key>
			<string>0</string>
			<key>isa</key>
			<string>XCConfigurationList</string>
		</dict>
		<key>79B357241918014A00681E05</key>
		<dict>
			<key>buildSettings</key>
			<dict>
				<key>BUNDLE_LOADER</key>
				<string>$(BUILT_PRODUCTS_DIR)/ZCircleButton.app/ZCircleButton</string>
				<key>FRAMEWORK_SEARCH_PATHS</key>
				<array>
					<string>$(SDKROOT)/Developer/Library/Frameworks</string>
					<string>$(inherited)</string>
					<string>$(DEVELOPER_FRAMEWORKS_DIR)</string>
				</array>
				<key>GCC_PRECOMPILE_PREFIX_HEADER</key>
				<string>YES</string>
				<key>GCC_PREFIX_HEADER</key>
				<string>ZCircleButton/ZCircleButton-Prefix.pch</string>
				<key>GCC_PREPROCESSOR_DEFINITIONS</key>
				<array>
					<string>DEBUG=1</string>
					<string>$(inherited)</string>
				</array>
				<key>INFOPLIST_FILE</key>
				<string>ZCircleButtonTests/ZCircleButtonTests-Info.plist</string>
				<key>PRODUCT_NAME</key>
				<string>$(TARGET_NAME)</string>
				<key>TEST_HOST</key>
				<string>$(BUNDLE_LOADER)</string>
				<key>WRAPPER_EXTENSION</key>
				<string>xctest</string>
			</dict>
			<key>isa</key>
			<string>XCBuildConfiguration</string>
			<key>name</key>
			<string>Debug</string>
		</dict>
		<key>79B357251918014A00681E05</key>
		<dict>
			<key>buildSettings</key>
			<dict>
				<key>BUNDLE_LOADER</key>
				<string>$(BUILT_PRODUCTS_DIR)/ZCircleButton.app/ZCircleButton</string>
				<key>FRAMEWORK_SEARCH_PATHS</key>
				<array>
					<string>$(SDKROOT)/Developer/Library/Frameworks</string>
					<string>$(inherited)</string>
					<string>$(DEVELOPER_FRAMEWORKS_DIR)</string>
				</array>
				<key>GCC_PRECOMPILE_PREFIX_HEADER</key>
				<string>YES</string>
				<key>GCC_PREFIX_HEADER</key>
				<string>ZCircleButton/ZCircleButton-Prefix.pch</string>
				<key>INFOPLIST_FILE</key>
				<string>ZCircleButtonTests/ZCircleButtonTests-Info.plist</string>
				<key>PRODUCT_NAME</key>
				<string>$(TARGET_NAME)</string>
				<key>TEST_HOST</key>
				<string>$(BUNDLE_LOADER)</string>
				<key>WRAPPER_EXTENSION</key>
				<string>xctest</string>
			</dict>
			<key>isa</key>
			<string>XCBuildConfiguration</string>
			<key>name</key>
			<string>Release</string>
		</dict>
		<key>79B35726191801BE00681E05</key>
		<dict>
			<key>children</key>
			<array>
				<string>79B35727191801BE00681E05</string>
				<string>79B35728191801BE00681E05</string>
				<string>79B3572B191801BE00681E05</string>
				<string>79B3572C191801BE00681E05</string>
				<string>79B35729191801BE00681E05</string>
				<string>79B3572A191801BE00681E05</string>
				<string>79B3572D191801BE00681E05</string>
				<string>79B3572E191801BE00681E05</string>
				<string>79B357331918080F00681E05</string>
				<string>79B357341918080F00681E05</string>
			</array>
			<key>isa</key>
			<string>PBXGroup</string>
			<key>path</key>
			<string>ZCircleButton</string>
			<key>sourceTree</key>
			<string>&lt;group&gt;</string>
		</dict>
		<key>79B35727191801BE00681E05</key>
		<dict>
			<key>fileEncoding</key>
			<string>4</string>
			<key>isa</key>
			<string>PBXFileReference</string>
			<key>lastKnownFileType</key>
			<string>sourcecode.c.h</string>
			<key>path</key>
			<string>ZCircleButton.h</string>
			<key>sourceTree</key>
			<string>&lt;group&gt;</string>
		</dict>
		<key>79B35728191801BE00681E05</key>
		<dict>
			<key>fileEncoding</key>
			<string>4</string>
			<key>isa</key>
			<string>PBXFileReference</string>
			<key>lastKnownFileType</key>
			<string>sourcecode.c.objc</string>
			<key>path</key>
			<string>ZCircleButton.m</string>
			<key>sourceTree</key>
			<string>&lt;group&gt;</string>
		</dict>
		<key>79B35729191801BE00681E05</key>
		<dict>
			<key>fileEncoding</key>
			<string>4</string>
			<key>isa</key>
			<string>PBXFileReference</string>
			<key>lastKnownFileType</key>
			<string>sourcecode.c.h</string>
			<key>path</key>
			<string>ZCircleButtonMenu.h</string>
			<key>sourceTree</key>
			<string>&lt;group&gt;</string>
		</dict>
		<key>79B3572A191801BE00681E05</key>
		<dict>
			<key>fileEncoding</key>
			<string>4</string>
			<key>isa</key>
			<string>PBXFileReference</string>
			<key>lastKnownFileType</key>
			<string>sourcecode.c.objc</string>
			<key>path</key>
			<string>ZCircleButtonMenu.m</string>
			<key>sourceTree</key>
			<string>&lt;group&gt;</string>
		</dict>
		<key>79B3572B191801BE00681E05</key>
		<dict>
			<key>fileEncoding</key>
			<string>4</string>
			<key>isa</key>
			<string>PBXFileReference</string>
			<key>lastKnownFileType</key>
			<string>sourcecode.c.h</string>
			<key>path</key>
			<string>ZCircleView.h</string>
			<key>sourceTree</key>
			<string>&lt;group&gt;</string>
		</dict>
		<key>79B3572C191801BE00681E05</key>
		<dict>
			<key>fileEncoding</key>
			<string>4</string>
			<key>isa</key>
			<string>PBXFileReference</string>
			<key>lastKnownFileType</key>
			<string>sourcecode.c.objc</string>
			<key>path</key>
			<string>ZCircleView.m</string>
			<key>sourceTree</key>
			<string>&lt;group&gt;</string>
		</dict>
		<key>79B3572D191801BE00681E05</key>
		<dict>
			<key>fileEncoding</key>
			<string>4</string>
			<key>isa</key>
			<string>PBXFileReference</string>
			<key>lastKnownFileType</key>
			<string>sourcecode.c.h</string>
			<key>path</key>
			<string>ZSelectableCircleButton.h</string>
			<key>sourceTree</key>
			<string>&lt;group&gt;</string>
		</dict>
		<key>79B3572E191801BE00681E05</key>
		<dict>
			<key>fileEncoding</key>
			<string>4</string>
			<key>isa</key>
			<string>PBXFileReference</string>
			<key>lastKnownFileType</key>
			<string>sourcecode.c.objc</string>
			<key>path</key>
			<string>ZSelectableCircleButton.m</string>
			<key>sourceTree</key>
			<string>&lt;group&gt;</string>
		</dict>
		<key>79B3572F191801BE00681E05</key>
		<dict>
			<key>fileRef</key>
			<string>79B35728191801BE00681E05</string>
			<key>isa</key>
			<string>PBXBuildFile</string>
		</dict>
		<key>79B35730191801BE00681E05</key>
		<dict>
			<key>fileRef</key>
			<string>79B3572A191801BE00681E05</string>
			<key>isa</key>
			<string>PBXBuildFile</string>
		</dict>
		<key>79B35731191801BE00681E05</key>
		<dict>
			<key>fileRef</key>
			<string>79B3572C191801BE00681E05</string>
			<key>isa</key>
			<string>PBXBuildFile</string>
		</dict>
		<key>79B35732191801BE00681E05</key>
		<dict>
			<key>fileRef</key>
			<string>79B3572E191801BE00681E05</string>
			<key>isa</key>
			<string>PBXBuildFile</string>
		</dict>
		<key>79B357331918080F00681E05</key>
		<dict>
			<key>fileEncoding</key>
			<string>4</string>
			<key>isa</key>
			<string>PBXFileReference</string>
			<key>lastKnownFileType</key>
			<string>sourcecode.c.h</string>
			<key>path</key>
			<string>UIImage+TintUtilities.h</string>
			<key>sourceTree</key>
			<string>&lt;group&gt;</string>
		</dict>
		<key>79B357341918080F00681E05</key>
		<dict>
			<key>fileEncoding</key>
			<string>4</string>
			<key>isa</key>
			<string>PBXFileReference</string>
			<key>lastKnownFileType</key>
			<string>sourcecode.c.objc</string>
			<key>path</key>
			<string>UIImage+TintUtilities.m</string>
			<key>sourceTree</key>
			<string>&lt;group&gt;</string>
		</dict>
		<key>79B357351918080F00681E05</key>
		<dict>
			<key>fileRef</key>
			<string>79B357341918080F00681E05</string>
			<key>isa</key>
			<string>PBXBuildFile</string>
		</dict>
		<key>82D31BE583E34794846DB378</key>
		<dict>
			<key>explicitFileType</key>
			<string>archive.ar</string>
			<key>includeInIndex</key>
			<string>0</string>
			<key>isa</key>
			<string>PBXFileReference</string>
			<key>path</key>
			<string>libPods.a</string>
			<key>sourceTree</key>
			<string>BUILT_PRODUCTS_DIR</string>
		</dict>
		<key>C91A15D39C604E3F80A90787</key>
		<dict>
			<key>buildActionMask</key>
			<string>2147483647</string>
			<key>files</key>
			<array/>
			<key>inputPaths</key>
			<array/>
			<key>isa</key>
			<string>PBXShellScriptBuildPhase</string>
			<key>name</key>
			<string>Copy Pods Resources</string>
			<key>outputPaths</key>
			<array/>
			<key>runOnlyForDeploymentPostprocessing</key>
			<string>0</string>
			<key>shellPath</key>
			<string>/bin/sh</string>
			<key>shellScript</key>
			<string>"${SRCROOT}/Pods/Pods-resources.sh"
</string>
			<key>showEnvVarsInLog</key>
			<string>0</string>
		</dict>
	</dict>
	<key>rootObject</key>
	<string>79B356E61918014A00681E05</string>
</dict>
</plist>
